Microsoft Visual Studio Solution File, Format Version 12.00
# Visual Studio Version 17
VisualStudioVersion = 17.5.2.0
MinimumVisualStudioVersion = 10.0.40219.1
Project("{FAE04EC0-301F-11D3-BF4B-00C04F79EFBC}") = "WellTrackAPI", "WellTrackAPI.csproj", "{8CCFE3FD-15DC-DB32-432A-D303DC449ABB}"
EndProject
Global
	GlobalSection(SolutionConfigurationPlatforms) = preSolution
		Debug|Any CPU = Debug|Any CPU
		Release|Any CPU = Release|Any CPU
	EndGlobalSection
	GlobalSection(ProjectConfigurationPlatforms) = postSolution
		{8CCFE3FD-15DC-DB32-432A-D303DC449ABB}.Debug|Any CPU.ActiveCfg = Debug|Any CPU
		{8CCFE3FD-15DC-DB32-432A-D303DC449ABB}.Debug|Any CPU.Build.0 = Debug|Any CPU
		{8CCFE3FD-15DC-DB32-432A-D303DC449ABB}.Release|Any CPU.ActiveCfg = Release|Any CPU
		{8CCFE3FD-15DC-DB32-432A-D303DC449ABB}.Release|Any CPU.Build.0 = Release|Any CPU
	EndGlobalSection
	GlobalSection(SolutionProperties) = preSolution
		HideSolutionNode = FALSE
	EndGlobalSection
	GlobalSection(ExtensibilityGlobals) = postSolution
		SolutionGuid = {B56215D4-5D54-41AE-A3BA-792D76ABDBDB}
	EndGlobalSection
EndGlobal
